// !$*UTF8*$!
{
	archiveVersion = 1;
	classes = {
	};
	objectVersion = 46;
	objects = {

/* Begin PBXBuildFile section */
		9488F9731B3D01CA003313FA /* main.m in Sources */ = {isa = PBXBuildFile; fileRef = 9488F9721B3D01CA003313FA /* main.m */; };
		9488F9761B3D01CA003313FA /* AppDelegate.m in Sources */ = {isa = PBXBuildFile; fileRef = 9488F9751B3D01CA003313FA /* AppDelegate.m */; };
		9488F9791B3D01CA003313FA /* ViewController.m in Sources */ = {isa = PBXBuildFile; fileRef = 9488F9781B3D01CA003313FA /* ViewController.m */; };
		9488F97C1B3D01CB003313FA /* Main.storyboard in Resources */ = {isa = PBXBuildFile; fileRef = 9488F97A1B3D01CB003313FA /* Main.storyboard */; };
		9488F97E1B3D01CB003313FA /* Images.xcassets in Resources */ = {isa = PBXBuildFile; fileRef = 9488F97D1B3D01CB003313FA /* Images.xcassets */; };
		9488F9811B3D01CB003313FA /* LaunchScreen.xib in Resources */ = {isa = PBXBuildFile; fileRef = 9488F97F1B3D01CB003313FA /* LaunchScreen.xib */; };
		9488F98D1B3D01CB003313FA /* SideMenuViewDemoTests.m in Sources */ = {isa = PBXBuildFile; fileRef = 9488F98C1B3D01CB003313FA /* SideMenuViewDemoTests.m */; };
		9488F99F1B3D2794003313FA /* LeftView.m in Sources */ = {isa = PBXBuildFile; fileRef = 9488F99E1B3D2794003313FA /* LeftView.m */; };
		9488F9A21B3D27AB003313FA /* CenterView.m in Sources */ = {isa = PBXBuildFile; fileRef = 9488F9A11B3D27AB003313FA /* CenterView.m */; };
		94A57A0D1B40F599003F67A7 /* XYSideMenuView.m in Sources */ = {isa = PBXBuildFile; fileRef = 94A57A0C1B40F599003F67A7 /* XYSideMenuView.m */; };
/* End PBXBuildFile section */

/* Begin PBXContainerItemProxy section */
		9488F9871B3D01CB003313FA /* PBXContainerItemProxy */ = {
			isa = PBXContainerItemProxy;
			containerPortal = 9488F9651B3D01CA003313FA /* Project object */;
			proxyType = 1;
			remoteGlobalIDString = 9488F96C1B3D01CA003313FA;
			remoteInfo = SideMenuViewDemo;
		};
/* End PBXContainerItemProxy section */

/* Begin PBXFileReference section */
		9488F96D1B3D01CA003313FA /* SideMenuViewDemo.app */ = {isa = PBXFileReference; explicitFileType = wrapper.application; includeInIndex = 0; path = SideMenuViewDemo.app; sourceTree = BUILT_PRODUCTS_DIR; };
		9488F9711B3D01CA003313FA /* Info.plist */ = {isa = PBXFileReference; lastKnownFileType = text.plist.xml; path = Info.plist; sourceTree = "<group>"; };
		9488F9721B3D01CA003313FA /* main.m */ = {isa = PBXFileReference; lastKnownFileType = sourcecode.c.objc; path = main.m; sourceTree = "<group>"; };
		9488F9741B3D01CA003313FA /* AppDelegate.h */ = {isa = PBXFileReference; lastKnownFileType = sourcecode.c.h; path = AppDelegate.h; sourceTree = "<group>"; };
		9488F9751B3D01CA003313FA /* AppDelegate.m */ = {isa = PBXFileReference; lastKnownFileType = sourcecode.c.objc; path = AppDelegate.m; sourceTree = "<group>"; };
		9488F9771B3D01CA003313FA /* ViewController.h */ = {isa = PBXFileReference; lastKnownFileType = sourcecode.c.h; path = ViewController.h; sourceTree = "<group>"; };
		9488F9781B3D01CA003313FA /* ViewController.m */ = {isa = PBXFileReference; lastKnownFileType = sourcecode.c.objc; path = ViewController.m; sourceTree = "<group>"; };
		9488F97B1B3D01CB003313FA /* Base */ = {isa = PBXFileReference; lastKnownFileType = file.storyboard; name = Base; path = Base.lproj/Main.storyboard; sourceTree = "<group>"; };
		9488F97D1B3D01CB003313FA /* Images.xcassets */ = {isa = PBXFileReference; lastKnownFileType = folder.assetcatalog; path = Images.xcassets; sourceTree = "<group>"; };
		9488F9801B3D01CB003313FA /* Base */ = {isa = PBXFileReference; lastKnownFileType = file.xib; name = Base; path = Base.lproj/LaunchScreen.xib; sourceTree = "<group>"; };
		9488F9861B3D01CB003313FA /* SideMenuViewDemoTests.xctest */ = {isa = PBXFileReference; explicitFileType = wrapper.cfbundle; includeInIndex = 0; path = SideMenuViewDemoTests.xctest; sourceTree = BUILT_PRODUCTS_DIR; };
		9488F98B1B3D01CB003313FA /* Info.plist */ = {isa = PBXFileReference; lastKnownFileType = text.plist.xml; path = Info.plist; sourceTree = "<group>"; };
		9488F98C1B3D01CB003313FA /* SideMenuViewDemoTests.m */ = {isa = PBXFileReference; lastKnownFileType = sourcecode.c.objc; path = SideMenuViewDemoTests.m; sourceTree = "<group>"; };
		9488F99D1B3D2794003313FA /* LeftView.h */ = {isa = PBXFileReference; fileEncoding = 4; lastKnownFileType = sourcecode.c.h; path = LeftView.h; sourceTree = "<group>"; };
		9488F99E1B3D2794003313FA /* LeftView.m */ = {isa = PBXFileReference; fileEncoding = 4; lastKnownFileType = sourcecode.c.objc; path = LeftView.m; sourceTree = "<group>"; };
		9488F9A01B3D27AB003313FA /* CenterView.h */ = {isa = PBXFileReference; fileEncoding = 4; lastKnownFileType = sourcecode.c.h; path = CenterView.h; sourceTree = "<group>"; };
		9488F9A11B3D27AB003313FA /* CenterView.m */ = {isa = PBXFileReference; fileEncoding = 4; lastKnownFileType = sourcecode.c.objc; path = CenterView.m; sourceTree = "<group>"; };
		94A57A0B1B40F599003F67A7 /* XYSideMenuView.h */ = {isa = PBXFileReference; fileEncoding = 4; lastKnownFileType = sourcecode.c.h; path = XYSideMenuView.h; sourceTree = "<group>"; };
		94A57A0C1B40F599003F67A7 /* XYSideMenuView.m */ = {isa = PBXFileReference; fileEncoding = 4; lastKnownFileType = sourcecode.c.objc; path = XYSideMenuView.m; sourceTree = "<group>"; };
/* End PBXFileReference section */

/* Begin PBXFrameworksBuildPhase section */
		9488F96A1B3D01CA003313FA /* Frameworks */ = {
			isa = PBXFrameworksBuildPhase;
			buildActionMask = 2147483647;
			files = (
			);
			runOnlyForDeploymentPostprocessing = 0;
		};
		9488F9831B3D01CB003313FA /* Frameworks */ = {
			isa = PBXFrameworksBuildPhase;
			buildActionMask = 2147483647;
			files = (
			);
			runOnlyForDeploymentPostprocessing = 0;
		};
/* End PBXFrameworksBuildPhase section */

/* Begin PBXGroup section */
		9488F9641B3D01CA003313FA = {
			isa = PBXGroup;
			children = (
				94A57A0A1B40F599003F67A7 /* SideMenu */,
				9488F96F1B3D01CA003313FA /* SideMenuViewDemo */,
				9488F9891B3D01CB003313FA /* SideMenuViewDemoTests */,
				9488F96E1B3D01CA003313FA /* Products */,
			);
			sourceTree = "<group>";
		};
		9488F96E1B3D01CA003313FA /* Products */ = {
			isa = PBXGroup;
			children = (
				9488F96D1B3D01CA003313FA /* SideMenuViewDemo.app */,
				9488F9861B3D01CB003313FA /* SideMenuViewDemoTests.xctest */,
			);
			name = Products;
			sourceTree = "<group>";
		};
		9488F96F1B3D01CA003313FA /* SideMenuViewDemo */ = {
			isa = PBXGroup;
			children = (
				9488F9741B3D01CA003313FA /* AppDelegate.h */,
				9488F9751B3D01CA003313FA /* AppDelegate.m */,
				9488F9771B3D01CA003313FA /* ViewController.h */,
				9488F9781B3D01CA003313FA /* ViewController.m */,
				9488F97A1B3D01CB003313FA /* Main.storyboard */,
				9488F97D1B3D01CB003313FA /* Images.xcassets */,
				9488F97F1B3D01CB003313FA /* LaunchScreen.xib */,
				9488F9701B3D01CA003313FA /* Supporting Files */,
				9488F99D1B3D2794003313FA /* LeftView.h */,
				9488F99E1B3D2794003313FA /* LeftView.m */,
				9488F9A01B3D27AB003313FA /* CenterView.h */,
				9488F9A11B3D27AB003313FA /* CenterView.m */,
			);
			path = SideMenuViewDemo;
			sourceTree = "<group>";
		};
		9488F9701B3D01CA003313FA /* Supporting Files */ = {
			isa = PBXGroup;
			children = (
				9488F9711B3D01CA003313FA /* Info.plist */,
				9488F9721B3D01CA003313FA /* main.m */,
			);
			name = "Supporting Files";
			sourceTree = "<group>";
		};
		9488F9891B3D01CB003313FA /* SideMenuViewDemoTests */ = {
			isa = PBXGroup;
			children = (
				9488F98C1B3D01CB003313FA /* SideMenuViewDemoTests.m */,
				9488F98A1B3D01CB003313FA /* Supporting Files */,
			);
			path = SideMenuViewDemoTests;
			sourceTree = "<group>";
		};
		9488F98A1B3D01CB003313FA /* Supporting Files */ = {
			isa = PBXGroup;
			children = (
				9488F98B1B3D01CB003313FA /* Info.plist */,
			);
			name = "Supporting Files";
			sourceTree = "<group>";
		};
		94A57A0A1B40F599003F67A7 /* SideMenu */ = {
			isa = PBXGroup;
			children = (
				94A57A0B1B40F599003F67A7 /* XYSideMenuView.h */,
				94A57A0C1B40F599003F67A7 /* XYSideMenuView.m */,
			);
			name = SideMenu;
			path = ../SideMenu;
			sourceTree = "<group>";
		};
/* End PBXGroup section */

/* Begin PBXNativeTarget section */
		9488F96C1B3D01CA003313FA /* SideMenuViewDemo */ = {
			isa = PBXNativeTarget;
			buildConfigurationList = 9488F9901B3D01CB003313FA /* Build configuration list for PBXNativeTarget "SideMenuViewDemo" */;
			buildPhases = (
				9488F9691B3D01CA003313FA /* Sources */,
				9488F96A1B3D01CA003313FA /* Frameworks */,
				9488F96B1B3D01CA003313FA /* Resources */,
			);
			buildRules = (
			);
			dependencies = (
			);
			name = SideMenuViewDemo;
			productName = SideMenuViewDemo;
			productReference = 9488F96D1B3D01CA003313FA /* SideMenuViewDemo.app */;
			productType = "com.apple.product-type.application";
		};
		9488F9851B3D01CB003313FA /* SideMenuViewDemoTests */ = {
			isa = PBXNativeTarget;
			buildConfigurationList = 9488F9931B3D01CB003313FA /* Build configuration list for PBXNativeTarget "SideMenuViewDemoTests" */;
			buildPhases = (
				9488F9821B3D01CB003313FA /* Sources */,
				9488F9831B3D01CB003313FA /* Frameworks */,
				9488F9841B3D01CB003313FA /* Resources */,
			);
			buildRules = (
			);
			dependencies = (
				9488F9881B3D01CB003313FA /* PBXTargetDependency */,
			);
			name = SideMenuViewDemoTests;
			productName = SideMenuViewDemoTests;
			productReference = 9488F9861B3D01CB003313FA /* SideMenuViewDemoTests.xctest */;
			productType = "com.apple.product-type.bundle.unit-test";
		};
/* End PBXNativeTarget section */

/* Begin PBXProject section */
		9488F9651B3D01CA003313FA /* Project object */ = {
			isa = PBXProject;
			attributes = {
				LastUpgradeCheck = 0630;
				ORGANIZATIONNAME = "田";
				TargetAttributes = {
					9488F96C1B3D01CA003313FA = {
						CreatedOnToolsVersion = 6.3.2;
					};
					9488F9851B3D01CB003313FA = {
						CreatedOnToolsVersion = 6.3.2;
						TestTargetID = 9488F96C1B3D01CA003313FA;
					};
				};
			};
			buildConfigurationList = 9488F9681B3D01CA003313FA /* Build configuration list for PBXProject "SideMenuViewDemo" */;
			compatibilityVersion = "Xcode 3.2";
			developmentRegion = English;
			hasScannedForEncodings = 0;
			knownRegions = (
				en,
				Base,
			);
			mainGroup = 9488F9641B3D01CA003313FA;
			productRefGroup = 9488F96E1B3D01CA003313FA /* Products */;
			projectDirPath = "";
			projectRoot = "";
			targets = (
				9488F96C1B3D01CA003313FA /* SideMenuViewDemo */,
				9488F9851B3D01CB003313FA /* SideMenuViewDemoTests */,
			);
		};
/* End PBXProject section */

/* Begin PBXResourcesBuildPhase section */
		9488F96B1B3D01CA003313FA /* Resources */ = {
			isa = PBXResourcesBuildPhase;
			buildActionMask = 2147483647;
			files = (
				9488F97C1B3D01CB003313FA /* Main.storyboard in Resources */,
				9488F9811B3D01CB003313FA /* LaunchScreen.xib in Resources */,
				9488F97E1B3D01CB003313FA /* Images.xcassets in Resources */,
			);
			runOnlyForDeploymentPostprocessing = 0;
		};
		9488F9841B3D01CB003313FA /* Resources */ = {
			isa = PBXResourcesBuildPhase;
			buildActionMask = 2147483647;
			files = (
			);
			runOnlyForDeploymentPostprocessing = 0;
		};
/* End PBXResourcesBuildPhase section */

/* Begin PBXSourcesBuildPhase section */
		9488F9691B3D01CA003313FA /* Sources */ = {
			isa = PBXSourcesBuildPhase;
			buildActionMask = 2147483647;
			files = (
				9488F99F1B3D2794003313FA /* LeftView.m in Sources */,
				9488F9A21B3D27AB003313FA /* CenterView.m in Sources */,
				9488F9791B3D01CA003313FA /* ViewController.m in Sources */,
				9488F9761B3D01CA003313FA /* AppDelegate.m in Sources */,
				9488F9731B3D01CA003313FA /* main.m in Sources */,
				94A57A0D1B40F599003F67A7 /* XYSideMenuView.m in Sources */,
			);
			runOnlyForDeploymentPostprocessing = 0;
		};
		9488F9821B3D01CB003313FA /* Sources */ = {
			isa = PBXSourcesBuildPhase;
			buildActionMask = 2147483647;
			files = (
				9488F98D1B3D01CB003313FA /* SideMenuViewDemoTests.m in Sources */,
			);
			runOnlyForDeploymentPostprocessing = 0;
		};
/* End PBXSourcesBuildPhase section */

/* Begin PBXTargetDependency section */
		9488F9881B3D01CB003313FA /* PBXTargetDependency */ = {
			isa = PBXTargetDependency;
			target = 9488F96C1B3D01CA003313FA /* SideMenuViewDemo */;
			targetProxy = 9488F9871B3D01CB003313FA /* PBXContainerItemProxy */;
		};
/* End PBXTargetDependency section */

/* Begin PBXVariantGroup section */
		9488F97A1B3D01CB003313FA /* Main.storyboard */ = {
			isa = PBXVariantGroup;
			children = (
				9488F97B1B3D01CB003313FA /* Base */,
			);
			name = Main.storyboard;
			sourceTree = "<group>";
		};
		9488F97F1B3D01CB003313FA /* LaunchScreen.xib */ = {
			isa = PBXVariantGroup;
			children = (
				9488F9801B3D01CB003313FA /* Base */,
			);
			name = LaunchScreen.xib;
			sourceTree = "<group>";
		};
/* End PBXVariantGroup section */

/* Begin XCBuildConfiguration section */
		9488F98E1B3D01CB003313FA /* Debug */ = {
			isa = XCBuildConfiguration;
			buildSettings = {
				ALWAYS_SEARCH_USER_PATHS = NO;
				CLANG_CXX_LANGUAGE_STANDARD = "gnu++0x";
				CLANG_CXX_LIBRARY = "libc++";
				CLANG_ENABLE_MODULES = YES;
				CLANG_ENABLE_OBJC_ARC = YES;
				CLANG_WARN_BOOL_CONVERSION = YES;
				CLANG_WARN_CONSTANT_CONVERSION = YES;
				CLANG_WARN_DIRECT_OBJC_ISA_USAGE = YES_ERROR;
				CLANG_WARN_EMPTY_BODY = YES;
				CLANG_WARN_ENUM_CONVERSION = YES;
				CLANG_WARN_INT_CONVERSION = YES;
				CLANG_WARN_OBJC_ROOT_CLASS = YES_ERROR;
				CLANG_WARN_UNREACHABLE_CODE = YES;
				CLANG_WARN__DUPLICATE_METHOD_MATCH = YES;
				"CODE_SIGN_IDENTITY[sdk=iphoneos*]" = "iPhone Developer";
				COPY_PHASE_STRIP = NO;
				DEBUG_INFORMATION_FORMAT = "dwarf-with-dsym";
				ENABLE_STRICT_OBJC_MSGSEND = YES;
				GCC_C_LANGUAGE_STANDARD = gnu99;
				GCC_DYNAMIC_NO_PIC = NO;
				GCC_NO_COMMON_BLOCKS = YES;
				GCC_OPTIMIZATION_LEVEL = 0;
				GCC_PREPROCESSOR_DEFINITIONS = (
					"DEBUG=1",
					"$(inherited)",
				);
				GCC_SYMBOLS_PRIVATE_EXTERN = NO;
				GCC_WARN_64_TO_32_BIT_CONVERSION = YES;
				GCC_WARN_ABOUT_RETURN_TYPE = YES_ERROR;
				GCC_WARN_UNDECLARED_SELECTOR = YES;
				GCC_WARN_UNINITIALIZED_AUTOS = YES_AGGRESSIVE;
				GCC_WARN_UNUSED_FUNCTION = YES;
				GCC_WARN_UNUSED_VARIABLE = YES;
				IPHONEOS_DEPLOYMENT_TARGET = 8.3;
				MTL_ENABLE_DEBUG_INFO = YES;
				ONLY_ACTIVE_ARCH = YES;
				SDKROOT = iphoneos;
			};
			name = Debug;
		};
		9488F98F1B3D01CB003313FA /* Release */ = {
			isa = XCBuildConfiguration;
			buildSettings = {
				ALWAYS_SEARCH_USER_PATHS = NO;
				CLANG_CXX_LANGUAGE_STANDARD = "gnu++0x";
				CLANG_CXX_LIBRARY = "libc++";
				CLANG_ENABLE_MODULES = YES;
				CLANG_ENABLE_OBJC_ARC = YES;
				CLANG_WARN_BOOL_CONVERSION = YES;
				CLANG_WARN_CONSTANT_CONVERSION = YES;
				CLANG_WARN_DIRECT_OBJC_ISA_USAGE = YES_ERROR;
				CLANG_WARN_EMPTY_BODY = YES;
				CLANG_WARN_ENUM_CONVERSION = YES;
				CLANG_WARN_INT_CONVERSION = YES;
				CLANG_WARN_OBJC_ROOT_CLASS = YES_ERROR;
				CLANG_WARN_UNREACHABLE_CODE = YES;
				CLANG_WARN__DUPLICATE_METHOD_MATCH = YES;
				"CODE_SIGN_IDENTITY[sdk=iphoneos*]" = "iPhone Developer";
				COPY_PHASE_STRIP = NO;
				DEBUG_INFORMATION_FORMAT = "dwarf-with-dsym";
				ENABLE_NS_ASSERTIONS = NO;
				ENABLE_STRICT_OBJC_MSGSEND = YES;
				GCC_C_LANGUAGE_STANDARD = gnu99;
				GCC_NO_COMMON_BLOCKS = YES;
				GCC_WARN_64_TO_32_BIT_CONVERSION = YES;
				GCC_WARN_ABOUT_RETURN_TYPE = YES_ERROR;
				GCC_WARN_UNDECLARED_SELECTOR = YES;
				GCC_WARN_UNINITIALIZED_AUTOS = YES_AGGRESSIVE;
				GCC_WARN_UNUSED_FUNCTION = YES;
				GCC_WARN_UNUSED_VARIABLE = YES;
				IPHONEOS_DEPLOYMENT_TARGET = 8.3;
				MTL_ENABLE_DEBUG_INFO = NO;
				SDKROOT = iphoneos;
				VALIDATE_PRODUCT = YES;
			};
			name = Release;
		};
		9488F9911B3D01CB003313FA /* Debug */ = {
			isa = XCBuildConfiguration;
			buildSettings = {
				ASSETCATALOG_COMPILER_APPICON_NAME = AppIcon;
				INFOPLIST_FILE = SideMenuViewDemo/Info.plist;
				LD_RUNPATH_SEARCH_PATHS = "$(inherited) @executable_path/Frameworks";
				PRODUCT_NAME = "$(TARGET_NAME)";
			};
			name = Debug;
		};
		9488F9921B3D01CB003313FA /* Release */ = {
			isa = XCBuildConfiguration;
			buildSettings = {
				ASSETCATALOG_COMPILER_APPICON_NAME = AppIcon;
				INFOPLIST_FILE = SideMenuViewDemo/Info.plist;
				LD_RUNPATH_SEARCH_PATHS = "$(inherited) @executable_path/Frameworks";
				PRODUCT_NAME = "$(TARGET_NAME)";
			};
			name = Release;
		};
		9488F9941B3D01CB003313FA /* Debug */ = {
			isa = XCBuildConfiguration;
			buildSettings = {
				BUNDLE_LOADER = "$(TEST_HOST)";
				FRAMEWORK_SEARCH_PATHS = (
					"$(SDKROOT)/Developer/Library/Frameworks",
					"$(inherited)",
				);
				GCC_PREPROCESSOR_DEFINITIONS = (
					"DEBUG=1",
					"$(inherited)",
				);
				INFOPLIST_FILE = SideMenuViewDemoTests/Info.plist;
				LD_RUNPATH_SEARCH_PATHS = "$(inherited) @executable_path/Frameworks @loader_path/Frameworks";
				PRODUCT_NAME = "$(TARGET_NAME)";
				TEST_HOST = "$(BUILT_PRODUCTS_DIR)/SideMenuViewDemo.app/SideMenuViewDemo";
			};
			name = Debug;
		};
		9488F9951B3D01CB003313FA /* Release */ = {
			isa = XCBuildConfiguration;
			buildSettings = {
				BUNDLE_LOADER = "$(TEST_HOST)";
				FRAMEWORK_SEARCH_PATHS = (
					"$(SDKROOT)/Developer/Library/Frameworks",
					"$(inherited)",
				);
				INFOPLIST_FILE = SideMenuViewDemoTests/Info.plist;
				LD_RUNPATH_SEARCH_PATHS = "$(inherited) @executable_path/Frameworks @loader_path/Frameworks";
				PRODUCT_NAME = "$(TARGET_NAME)";
				TEST_HOST = "$(BUILT_PRODUCTS_DIR)/SideMenuViewDemo.app/SideMenuViewDemo";
			};
			name = Release;
		};
/* End XCBuildConfiguration section */

/* Begin XCConfigurationList section */
		9488F9681B3D01CA003313FA /* Build configuration list for PBXProject "SideMenuViewDemo" */ = {
			isa = XCConfigurationList;
			buildConfigurations = (
				9488F98E1B3D01CB003313FA /* Debug */,
				9488F98F1B3D01CB003313FA /* Release */,
			);
			defaultConfigurationIsVisible = 0;
			defaultConfigurationName = Release;
		};
		9488F9901B3D01CB003313FA /* Build configuration list for PBXNativeTarget "SideMenuViewDemo" */ = {
			isa = XCConfigurationList;
			buildConfigurations = (
				9488F9911B3D01CB003313FA /* Debug */,
				9488F9921B3D01CB003313FA /* Release */,
			);
			defaultConfigurationIsVisible = 0;
			defaultConfigurationName = Release;
		};
		9488F9931B3D01CB003313FA /* Build configuration list for PBXNativeTarget "SideMenuViewDemoTests" */ = {
			isa = XCConfigurationList;
			buildConfigurations = (
				9488F9941B3D01CB003313FA /* Debug */,
				9488F9951B3D01CB003313FA /* Release */,
			);
			defaultConfigurationIsVisible = 0;
			defaultConfigurationName = Release;
		};
/* End XCConfigurationList section */
	};
	rootObject = 9488F9651B3D01CA003313FA /* Project object */;
}
